
Microsoft Visual Studio Solution File, Format Version 12.00
# Visual Studio Version 16
VisualStudioVersion = 16.0.30517.126
MinimumVisualStudioVersion = 10.0.40219.1
Project("{FAE04EC0-301F-11D3-BF4B-00C04F79EFBC}") = "Lab3", "Lab3.csproj", "{1196D464-AB8E-4FAD-A1A0-9A3C985F0296}"
EndProject
Global
	GlobalSection(SolutionConfigurationPlatforms) = preSolution
		Debug|Any CPU = Debug|Any CPU
		Release|Any CPU = Release|Any CPU
	EndGlobalSection
	GlobalSection(ProjectConfigurationPlatforms) = postSolution
		{1196D464-AB8E-4FAD-A1A0-9A3C985F0296}.Debug|Any CPU.ActiveCfg = Debug|Any CPU
		{1196D464-AB8E-4FAD-A1A0-9A3C985F0296}.Debug|Any CPU.Build.0 = Debug|Any CPU
		{1196D464-AB8E-4FAD-A1A0-9A3C985F0296}.Release|Any CPU.ActiveCfg = Release|Any CPU
		{1196D464-AB8E-4FAD-A1A0-9A3C985F0296}.Release|Any CPU.Build.0 = Release|Any CPU
	EndGlobalSection
	GlobalSection(SolutionProperties) = preSolution
		HideSolutionNode = FALSE
	EndGlobalSection
	GlobalSection(ExtensibilityGlobals) = postSolution
		SolutionGuid = {45470B01-CC70-4AE3-A2AF-71418CAE5437}
	EndGlobalSection
EndGlobal
